{
  "name": "build-a-bot-api",
  "version": "1.0.0",
  "lockfileVersion": 1,
  "requires": true,
  "dependencies": {
    "accepts": {
      "version": "1.3.5",
      "resolved": "http://repository.vnerd.com/artifactory/api/npm/npm-pluralsight/accepts/-/accepts-1.3.5.tgz?dl=https://registry.npmjs.org/accepts/-/accepts-1.3.5.tgz",
      "integrity": "sha1-63d99gEXI6OxTopywIBcjoZ0a9I=",
      "requires": {
        "mime-types": "2.1.18",
        "negotiator": "0.6.1"
      }
    },
    "array-flatten": {
      "version": "1.1.1",
      "resolved": "http://repository.vnerd.com/artifactory/api/npm/npm-pluralsight/array-flatten/-/array-flatten-1.1.1.tgz?dl=https://registry.npmjs.org/array-flatten/-/array-flatten-1.1.1.tgz",
      "integrity": "sha1-ml9pkFGx5wczKPKgCJaLZOopVdI="
    },
    "balanced-match": {
      "version": "1.0.0",
      "resolved": "http://repository.vnerd.com/artifactory/api/npm/npm-pluralsight/balanced-match/-/balanced-match-1.0.0.tgz?dl=https://registry.npmjs.org/balanced-match/-/balanced-match-1.0.0.tgz",
      "integrity": "sha1-ibTRmasr7kneFk6gK4nORi1xt2c="
    },
    "body-parser": {
      "version": "1.18.2",
      "resolved": "http://repository.vnerd.com/artifactory/api/npm/npm-pluralsight/body-parser/-/body-parser-1.18.2.tgz?dl=https://registry.npmjs.org/body-parser/-/body-parser-1.18.2.tgz",
      "integrity": "sha1-h2eKGdhLR9hZuDGZvVm84iKxBFQ=",
      "requires": {
        "bytes": "3.0.0",
        "content-type": "1.0.4",
        "debug": "2.6.9",
        "depd": "1.1.2",
        "http-errors": "1.6.2",
        "iconv-lite": "0.4.19",
        "on-finished": "2.3.0",
        "qs": "6.5.1",
        "raw-body": "2.3.2",
        "type-is": "1.6.16"
      }
    },
    "brace-expansion": {
      "version": "1.1.11",
      "resolved": "http://repository.vnerd.com/artifactory/api/npm/npm-pluralsight/brace-expansion/-/brace-expansion-1.1.11.tgz?dl=https://registry.npmjs.org/brace-expansion/-/brace-expansion-1.1.11.tgz",
      "integrity": "sha1-PH/L9SnYcibz0vUrlm/1Jx60Qd0=",
      "requires": {
        "balanced-match": "1.0.0",
        "concat-map": "0.0.1"
      }
    },
    "browser-stdout": {
      "version": "1.3.0",
      "resolved": "http://repository.vnerd.com/artifactory/api/npm/npm-pluralsight/browser-stdout/-/browser-stdout-1.3.0.tgz?dl=https://registry.npmjs.org/browser-stdout/-/browser-stdout-1.3.0.tgz",
      "integrity": "sha1-81HTKWnTL6XXpVZxVCY9korjvR8="
    },
    "bytes": {
      "version": "3.0.0",
      "resolved": "http://repository.vnerd.com/artifactory/api/npm/npm-pluralsight/bytes/-/bytes-3.0.0.tgz?dl=https://registry.npmjs.org/bytes/-/bytes-3.0.0.tgz",
      "integrity": "sha1-0ygVQE1olpn4Wk6k+odV3ROpYEg="
    },
    "commander": {
      "version": "2.9.0",
      "resolved": "http://repository.vnerd.com/artifactory/api/npm/npm-pluralsight/commander/-/commander-2.9.0.tgz?dl=https://registry.npmjs.org/commander/-/commander-2.9.0.tgz",
      "integrity": "sha1-nJkJQXbhIkDLItbFFGCYQA/g99Q=",
      "requires": {
        "graceful-readlink": "1.0.1"
      }
    },
    "concat-map": {
      "version": "0.0.1",
      "resolved": "http://repository.vnerd.com/artifactory/api/npm/npm-pluralsight/concat-map/-/concat-map-0.0.1.tgz?dl=https://registry.npmjs.org/concat-map/-/concat-map-0.0.1.tgz",
      "integrity": "sha1-2Klr13/Wjfd5OnMDajug1UBdR3s="
    },
    "content-disposition": {
      "version": "0.5.2",
      "resolved": "http://repository.vnerd.com/artifactory/api/npm/npm-pluralsight/content-disposition/-/content-disposition-0.5.2.tgz?dl=https://registry.npmjs.org/content-disposition/-/content-disposition-0.5.2.tgz",
      "integrity": "sha1-DPaLud318r55YcOoUXjLhdunjLQ="
    },
    "content-type": {
      "version": "1.0.4",
      "resolved": "http://repository.vnerd.com/artifactory/api/npm/npm-pluralsight/content-type/-/content-type-1.0.4.tgz?dl=https://registry.npmjs.org/content-type/-/content-type-1.0.4.tgz",
      "integrity": "sha1-4TjMdeBAxyexlm/l5fjJruJW/js="
    },
    "cookie": {
      "version": "0.3.1",
      "resolved": "http://repository.vnerd.com/artifactory/api/npm/npm-pluralsight/cookie/-/cookie-0.3.1.tgz?dl=https://registry.npmjs.org/cookie/-/cookie-0.3.1.tgz",
      "integrity": "sha1-5+Ch+e9DtMi6klxcWpboBtFoc7s="
    },
    "cookie-signature": {
      "version": "1.0.6",
      "resolved": "http://repository.vnerd.com/artifactory/api/npm/npm-pluralsight/cookie-signature/-/cookie-signature-1.0.6.tgz?dl=https://registry.npmjs.org/cookie-signature/-/cookie-signature-1.0.6.tgz",
      "integrity": "sha1-4wOogrNCzD7oylE6eZmXNNqzriw="
    },
    "debug": {
      "version": "2.6.9",
      "resolved": "http://repository.vnerd.com/artifactory/api/npm/npm-pluralsight/debug/-/debug-2.6.9.tgz?dl=https://registry.npmjs.org/debug/-/debug-2.6.9.tgz",
      "integrity": "sha1-XRKFFd8TT/Mn6QpMk/Tgd6U2NB8=",
      "requires": {
        "ms": "2.0.0"
      }
    },
    "depd": {
      "version": "1.1.2",
      "resolved": "http://repository.vnerd.com/artifactory/api/npm/npm-pluralsight/depd/-/depd-1.1.2.tgz?dl=https://registry.npmjs.org/depd/-/depd-1.1.2.tgz",
      "integrity": "sha1-m81S4UwJd2PnSbJ0xDRu0uVgtak="
    },
    "destroy": {
      "version": "1.0.4",
      "resolved": "http://repository.vnerd.com/artifactory/api/npm/npm-pluralsight/destroy/-/destroy-1.0.4.tgz?dl=https://registry.npmjs.org/destroy/-/destroy-1.0.4.tgz",
      "integrity": "sha1-l4hXRCxEdJ5CBmE+N5RiBYJqvYA="
    },
    "diff": {
      "version": "3.2.0",
      "resolved": "http://repository.vnerd.com/artifactory/api/npm/npm-pluralsight/diff/-/diff-3.2.0.tgz?dl=https://registry.npmjs.org/diff/-/diff-3.2.0.tgz",
      "integrity": "sha1-yc45Okt8vQsFinJck98pkCeGj/k="
    },
    "ee-first": {
      "version": "1.1.1",
      "resolved": "http://repository.vnerd.com/artifactory/api/npm/npm-pluralsight/ee-first/-/ee-first-1.1.1.tgz?dl=https://registry.npmjs.org/ee-first/-/ee-first-1.1.1.tgz",
      "integrity": "sha1-WQxhFWsK4vTwJVcyoViyZrxWsh0="
    },
    "encodeurl": {
      "version": "1.0.2",
      "resolved": "http://repository.vnerd.com/artifactory/api/npm/npm-pluralsight/encodeurl/-/encodeurl-1.0.2.tgz?dl=https://registry.npmjs.org/encodeurl/-/encodeurl-1.0.2.tgz",
      "integrity": "sha1-rT/0yG7C0CkyL1oCw6mmBslbP1k="
    },
    "escape-html": {
      "version": "1.0.3",
      "resolved": "http://repository.vnerd.com/artifactory/api/npm/npm-pluralsight/escape-html/-/escape-html-1.0.3.tgz?dl=https://registry.npmjs.org/escape-html/-/escape-html-1.0.3.tgz",
      "integrity": "sha1-Aljq5NPQwJdN4cFpGI7wBR0dGYg="
    },
    "escape-string-regexp": {
      "version": "1.0.5",
      "resolved": "http://repository.vnerd.com/artifactory/api/npm/npm-pluralsight/escape-string-regexp/-/escape-string-regexp-1.0.5.tgz?dl=https://registry.npmjs.org/escape-string-regexp/-/escape-string-regexp-1.0.5.tgz",
      "integrity": "sha1-G2HAViGQqN/2rjuyzwIAyhMLhtQ="
    },
    "etag": {
      "version": "1.8.1",
      "resolved": "http://repository.vnerd.com/artifactory/api/npm/npm-pluralsight/etag/-/etag-1.8.1.tgz?dl=https://registry.npmjs.org/etag/-/etag-1.8.1.tgz",
      "integrity": "sha1-Qa4u62XvpiJorr/qg6x9eSmbCIc="
    },
    "express": {
      "version": "4.16.3",
      "resolved": "http://repository.vnerd.com/artifactory/api/npm/npm-pluralsight/express/-/express-4.16.3.tgz?dl=https://registry.npmjs.org/express/-/express-4.16.3.tgz",
      "integrity": "sha1-avilAjUNsyRuzEvs9rWjTSL37VM=",
      "requires": {
        "accepts": "1.3.5",
        "array-flatten": "1.1.1",
        "body-parser": "1.18.2",
        "content-disposition": "0.5.2",
        "content-type": "1.0.4",
        "cookie": "0.3.1",
        "cookie-signature": "1.0.6",
        "debug": "2.6.9",
        "depd": "1.1.2",
        "encodeurl": "1.0.2",
        "escape-html": "1.0.3",
        "etag": "1.8.1",
        "finalhandler": "1.1.1",
        "fresh": "0.5.2",
        "merge-descriptors": "1.0.1",
        "methods": "1.1.2",
        "on-finished": "2.3.0",
        "parseurl": "1.3.2",
        "path-to-regexp": "0.1.7",
        "proxy-addr": "2.0.3",
        "qs": "6.5.1",
        "range-parser": "1.2.0",
        "safe-buffer": "5.1.1",
        "send": "0.16.2",
        "serve-static": "1.13.2",
        "setprototypeof": "1.1.0",
        "statuses": "1.4.0",
        "type-is": "1.6.16",
        "utils-merge": "1.0.1",
        "vary": "1.1.2"
      }
    },
    "express-static": {
      "version": "1.2.5",
      "resolved": "http://repository.vnerd.com/artifactory/api/npm/npm-pluralsight/express-static/-/express-static-1.2.5.tgz?dl=https://registry.npmjs.org/express-static/-/express-static-1.2.5.tgz",
      "integrity": "sha1-zJZtTDOITpoea6ZLS42GrvqUXLE=",
      "requires": {
        "mail2": "1.2.2"
      }
    },
    "finalhandler": {
      "version": "1.1.1",
      "resolved": "http://repository.vnerd.com/artifactory/api/npm/npm-pluralsight/finalhandler/-/finalhandler-1.1.1.tgz?dl=https://registry.npmjs.org/finalhandler/-/finalhandler-1.1.1.tgz",
      "integrity": "sha1-7r9O2EAHnIP0JJA4ydcDAIMBsQU=",
      "requires": {
        "debug": "2.6.9",
        "encodeurl": "1.0.2",
        "escape-html": "1.0.3",
        "on-finished": "2.3.0",
        "parseurl": "1.3.2",
        "statuses": "1.4.0",
        "unpipe": "1.0.0"
      }
    },
    "forwarded": {
      "version": "0.1.2",
      "resolved": "http://repository.vnerd.com/artifactory/api/npm/npm-pluralsight/forwarded/-/forwarded-0.1.2.tgz?dl=https://registry.npmjs.org/forwarded/-/forwarded-0.1.2.tgz",
      "integrity": "sha1-mMI9qxF1ZXuMBXPozszZGw/xjIQ="
    },
    "fresh": {
      "version": "0.5.2",
      "resolved": "http://repository.vnerd.com/artifactory/api/npm/npm-pluralsight/fresh/-/fresh-0.5.2.tgz?dl=https://registry.npmjs.org/fresh/-/fresh-0.5.2.tgz",
      "integrity": "sha1-PYyt2Q2XZWn6g1qx+OSyOhBWBac="
    },
    "fs.realpath": {
      "version": "1.0.0",
      "resolved": "http://repository.vnerd.com/artifactory/api/npm/npm-pluralsight/fs.realpath/-/fs.realpath-1.0.0.tgz?dl=https://registry.npmjs.org/fs.realpath/-/fs.realpath-1.0.0.tgz",
      "integrity": "sha1-FQStJSMVjKpA20onh8sBQRmU6k8="
    },
    "glob": {
      "version": "7.1.1",
      "resolved": "http://repository.vnerd.com/artifactory/api/npm/npm-pluralsight/glob/-/glob-7.1.1.tgz?dl=https://registry.npmjs.org/glob/-/glob-7.1.1.tgz",
      "integrity": "sha1-gFIR3wT6rxxjo2ADBs31reULLsg=",
      "requires": {
        "fs.realpath": "1.0.0",
        "inflight": "1.0.6",
        "inherits": "2.0.3",
        "minimatch": "3.0.4",
        "once": "1.4.0",
        "path-is-absolute": "1.0.1"
      }
    },
    "graceful-readlink": {
      "version": "1.0.1",
      "resolved": "http://repository.vnerd.com/artifactory/api/npm/npm-pluralsight/graceful-readlink/-/graceful-readlink-1.0.1.tgz?dl=https://registry.npmjs.org/graceful-readlink/-/graceful-readlink-1.0.1.tgz",
      "integrity": "sha1-TK+tdrxi8C+gObL5Tpo906ORpyU="
    },
    "growl": {
      "version": "1.9.2",
      "resolved": "http://repository.vnerd.com/artifactory/api/npm/npm-pluralsight/growl/-/growl-1.9.2.tgz?dl=https://registry.npmjs.org/growl/-/growl-1.9.2.tgz",
      "integrity": "sha1-Dqd0NxXbjY3ixe3hd14bRayFwC8="
    },
    "has-flag": {
      "version": "1.0.0",
      "resolved": "http://repository.vnerd.com/artifactory/api/npm/npm-pluralsight/has-flag/-/has-flag-1.0.0.tgz?dl=https://registry.npmjs.org/has-flag/-/has-flag-1.0.0.tgz",
      "integrity": "sha1-nZ55MWXOAXoA8AQYxD+UKnsdEfo="
    },
    "he": {
      "version": "1.1.1",
      "resolved": "http://repository.vnerd.com/artifactory/api/npm/npm-pluralsight/he/-/he-1.1.1.tgz?dl=https://registry.npmjs.org/he/-/he-1.1.1.tgz",
      "integrity": "sha1-k0EP0hsAlzUVH4howvJx80J+I/0="
    },
    "http-errors": {
      "version": "1.6.2",
      "resolved": "http://repository.vnerd.com/artifactory/api/npm/npm-pluralsight/http-errors/-/http-errors-1.6.2.tgz?dl=https://registry.npmjs.org/http-errors/-/http-errors-1.6.2.tgz",
      "integrity": "sha1-CgAsyFcHGSp+eUbO7cERVfYOxzY=",
      "requires": {
        "depd": "1.1.1",
        "inherits": "2.0.3",
        "setprototypeof": "1.0.3",
        "statuses": "1.4.0"
      },
      "dependencies": {
        "depd": {
          "version": "1.1.1",
          "resolved": "http://repository.vnerd.com/artifactory/api/npm/npm-pluralsight/depd/-/depd-1.1.1.tgz?dl=https://registry.npmjs.org/depd/-/depd-1.1.1.tgz",
          "integrity": "sha1-V4O04cRZ8G+lyif5kfPQbnoxA1k="
        },
        "setprototypeof": {
          "version": "1.0.3",
          "resolved": "http://repository.vnerd.com/artifactory/api/npm/npm-pluralsight/setprototypeof/-/setprototypeof-1.0.3.tgz?dl=https://registry.npmjs.org/setprototypeof/-/setprototypeof-1.0.3.tgz",
          "integrity": "sha1-ZlZ+NwQ+608E2RvWWMDL77VbjgQ="
        }
      }
    },
    "iconv-lite": {
      "version": "0.4.19",
      "resolved": "http://repository.vnerd.com/artifactory/api/npm/npm-pluralsight/iconv-lite/-/iconv-lite-0.4.19.tgz?dl=https://registry.npmjs.org/iconv-lite/-/iconv-lite-0.4.19.tgz",
      "integrity": "sha1-90aPYBNfXl2tM5nAqBvpoWA6CCs="
    },
    "inflight": {
      "version": "1.0.6",
      "resolved": "http://repository.vnerd.com/artifactory/api/npm/npm-pluralsight/inflight/-/inflight-1.0.6.tgz?dl=https://registry.npmjs.org/inflight/-/inflight-1.0.6.tgz",
      "integrity": "sha1-Sb1jMdfQLQwJvJEKEHW6gWW1bfk=",
      "requires": {
        "once": "1.4.0",
        "wrappy": "1.0.2"
      }
    },
    "inherits": {
      "version": "2.0.3",
      "resolved": "http://repository.vnerd.com/artifactory/api/npm/npm-pluralsight/inherits/-/inherits-2.0.3.tgz?dl=https://registry.npmjs.org/inherits/-/inherits-2.0.3.tgz",
      "integrity": "sha1-Yzwsg+PaQqUC9SRmAiSA9CCCYd4="
    },
    "ipaddr.js": {
      "version": "1.6.0",
      "resolved": "http://repository.vnerd.com/artifactory/api/npm/npm-pluralsight/ipaddr.js/-/ipaddr.js-1.6.0.tgz?dl=https://registry.npmjs.org/ipaddr.js/-/ipaddr.js-1.6.0.tgz",
      "integrity": "sha1-4/o1e3c9phnybpXwSdBVxyeW+Gs="
    },
    "json3": {
      "version": "3.3.2",
      "resolved": "http://repository.vnerd.com/artifactory/api/npm/npm-pluralsight/json3/-/json3-3.3.2.tgz?dl=https://registry.npmjs.org/json3/-/json3-3.3.2.tgz",
      "integrity": "sha1-PAQ0dD35Pi9cQq7nsZvLSDV19OE="
    },
    "lodash._baseassign": {
      "version": "3.2.0",
      "resolved": "http://repository.vnerd.com/artifactory/api/npm/npm-pluralsight/lodash._baseassign/-/lodash._baseassign-3.2.0.tgz?dl=https://registry.npmjs.org/lodash._baseassign/-/lodash._baseassign-3.2.0.tgz",
      "integrity": "sha1-jDigmVAPIVrQnlnxci/QxSv+Ck4=",
      "requires": {
        "lodash._basecopy": "3.0.1",
        "lodash.keys": "3.1.2"
      }
    },
    "lodash._basecopy": {
      "version": "3.0.1",
      "resolved": "http://repository.vnerd.com/artifactory/api/npm/npm-pluralsight/lodash._basecopy/-/lodash._basecopy-3.0.1.tgz?dl=https://registry.npmjs.org/lodash._basecopy/-/lodash._basecopy-3.0.1.tgz",
      "integrity": "sha1-jaDmqHbPNEwK2KVIghEd08XHyjY="
    },
    "lodash._basecreate": {
      "version": "3.0.3",
      "resolved": "http://repository.vnerd.com/artifactory/api/npm/npm-pluralsight/lodash._basecreate/-/lodash._basecreate-3.0.3.tgz?dl=https://registry.npmjs.org/lodash._basecreate/-/lodash._basecreate-3.0.3.tgz",
      "integrity": "sha1-G8ZhYU2qf8MRt9A78WgGoCE8+CE="
    },
    "lodash._getnative": {
      "version": "3.9.1",
      "resolved": "http://repository.vnerd.com/artifactory/api/npm/npm-pluralsight/lodash._getnative/-/lodash._getnative-3.9.1.tgz?dl=https://registry.npmjs.org/lodash._getnative/-/lodash._getnative-3.9.1.tgz",
      "integrity": "sha1-VwvH3t5G1hzc3mh9ZdPuy6o6r/U="
    },
    "lodash._isiterateecall": {
      "version": "3.0.9",
      "resolved": "http://repository.vnerd.com/artifactory/api/npm/npm-pluralsight/lodash._isiterateecall/-/lodash._isiterateecall-3.0.9.tgz?dl=https://registry.npmjs.org/lodash._isiterateecall/-/lodash._isiterateecall-3.0.9.tgz",
      "integrity": "sha1-UgOte6Ql+uhCRg5pbbnPPmqsBXw="
    },
    "lodash.create": {
      "version": "3.1.1",
      "resolved": "http://repository.vnerd.com/artifactory/api/npm/npm-pluralsight/lodash.create/-/lodash.create-3.1.1.tgz?dl=https://registry.npmjs.org/lodash.create/-/lodash.create-3.1.1.tgz",
      "integrity": "sha1-1/KEnw29p+BGgruM1yqwIkYd6+c=",
      "requires": {
        "lodash._baseassign": "3.2.0",
        "lodash._basecreate": "3.0.3",
        "lodash._isiterateecall": "3.0.9"
      }
    },
    "lodash.isarguments": {
      "version": "3.1.0",
      "resolved": "http://repository.vnerd.com/artifactory/api/npm/npm-pluralsight/lodash.isarguments/-/lodash.isarguments-3.1.0.tgz?dl=https://registry.npmjs.org/lodash.isarguments/-/lodash.isarguments-3.1.0.tgz",
      "integrity": "sha1-L1c9hcaiQon/AGY7SRwdM4/zRYo="
    },
    "lodash.isarray": {
      "version": "3.0.4",
      "resolved": "http://repository.vnerd.com/artifactory/api/npm/npm-pluralsight/lodash.isarray/-/lodash.isarray-3.0.4.tgz?dl=https://registry.npmjs.org/lodash.isarray/-/lodash.isarray-3.0.4.tgz",
      "integrity": "sha1-eeTriMNqgSKvhvhEqpvNhRtfu1U="
    },
    "lodash.keys": {
      "version": "3.1.2",
      "resolved": "http://repository.vnerd.com/artifactory/api/npm/npm-pluralsight/lodash.keys/-/lodash.keys-3.1.2.tgz?dl=https://registry.npmjs.org/lodash.keys/-/lodash.keys-3.1.2.tgz",
      "integrity": "sha1-TbwEcrFWvlCgsoaFXRvQsMZWCYo=",
      "requires": {
        "lodash._getnative": "3.9.1",
        "lodash.isarguments": "3.1.0",
        "lodash.isarray": "3.0.4"
      }
    },
    "mail2": {
      "version": "1.2.2",
      "resolved": "http://repository.vnerd.com/artifactory/api/npm/npm-pluralsight/mail2/-/mail2-1.2.2.tgz?dl=https://registry.npmjs.org/mail2/-/mail2-1.2.2.tgz",
      "integrity": "sha1-l3xpQMb6vKTDU6DYTlhP58194G0=",
      "requires": {
        "mocha": "3.5.3"
      }
    },
    "media-typer": {
      "version": "0.3.0",
      "resolved": "http://repository.vnerd.com/artifactory/api/npm/npm-pluralsight/media-typer/-/media-typer-0.3.0.tgz?dl=https://registry.npmjs.org/media-typer/-/media-typer-0.3.0.tgz",
      "integrity": "sha1-hxDXrwqmJvj/+hzgAWhUUmMlV0g="
    },
    "merge-descriptors": {
      "version": "1.0.1",
      "resolved": "http://repository.vnerd.com/artifactory/api/npm/npm-pluralsight/merge-descriptors/-/merge-descriptors-1.0.1.tgz?dl=https://registry.npmjs.org/merge-descriptors/-/merge-descriptors-1.0.1.tgz",
      "integrity": "sha1-sAqqVW3YtEVoFQ7J0blT8/kMu2E="
    },
    "methods": {
      "version": "1.1.2",
      "resolved": "http://repository.vnerd.com/artifactory/api/npm/npm-pluralsight/methods/-/methods-1.1.2.tgz?dl=https://registry.npmjs.org/methods/-/methods-1.1.2.tgz",
      "integrity": "sha1-VSmk1nZUE07cxSZmVoNbD4Ua/O4="
    },
    "mime": {
      "version": "1.4.1",
      "resolved": "http://repository.vnerd.com/artifactory/api/npm/npm-pluralsight/mime/-/mime-1.4.1.tgz?dl=https://registry.npmjs.org/mime/-/mime-1.4.1.tgz",
      "integrity": "sha1-Eh+evEnjdm8xGnbh+hyAA8SwOqY="
    },
    "mime-db": {
      "version": "1.33.0",
      "resolved": "http://repository.vnerd.com/artifactory/api/npm/npm-pluralsight/mime-db/-/mime-db-1.33.0.tgz?dl=https://registry.npmjs.org/mime-db/-/mime-db-1.33.0.tgz",
      "integrity": "sha1-o0kgUKXLm2NFBUHjnZeI0icng9s="
    },
    "mime-types": {
      "version": "2.1.18",
      "resolved": "http://repository.vnerd.com/artifactory/api/npm/npm-pluralsight/mime-types/-/mime-types-2.1.18.tgz?dl=https://registry.npmjs.org/mime-types/-/mime-types-2.1.18.tgz",
      "integrity": "sha1-bzI/YKg9ERRvgx/xH9ZuL+VQO7g=",
      "requires": {
        "mime-db": "1.33.0"
      }
    },
    "minimatch": {
      "version": "3.0.4",
      "resolved": "http://repository.vnerd.com/artifactory/api/npm/npm-pluralsight/minimatch/-/minimatch-3.0.4.tgz?dl=https://registry.npmjs.org/minimatch/-/minimatch-3.0.4.tgz",
      "integrity": "sha1-UWbihkV/AzBgZL5Ul+jbsMPTIIM=",
      "requires": {
        "brace-expansion": "1.1.11"
      }
    },
    "minimist": {
      "version": "0.0.8",
      "resolved": "http://repository.vnerd.com/artifactory/api/npm/npm-pluralsight/minimist/-/minimist-0.0.8.tgz?dl=https://registry.npmjs.org/minimist/-/minimist-0.0.8.tgz",
      "integrity": "sha1-hX/Kv8M5fSYluCKCYuhqp6ARsF0="
    },
    "mkdirp": {
      "version": "0.5.1",
      "resolved": "http://repository.vnerd.com/artifactory/api/npm/npm-pluralsight/mkdirp/-/mkdirp-0.5.1.tgz?dl=https://registry.npmjs.org/mkdirp/-/mkdirp-0.5.1.tgz",
      "integrity": "sha1-MAV0OOrGz3+MR2fzhkjWaX11yQM=",
      "requires": {
        "minimist": "0.0.8"
      }
    },
    "mocha": {
      "version": "3.5.3",
      "resolved": "http://repository.vnerd.com/artifactory/api/npm/npm-pluralsight/mocha/-/mocha-3.5.3.tgz?dl=https://registry.npmjs.org/mocha/-/mocha-3.5.3.tgz",
      "integrity": "sha1-HgSA/jbS2lhY0etqzDhBiybqog0=",
      "requires": {
        "browser-stdout": "1.3.0",
        "commander": "2.9.0",
        "debug": "2.6.8",
        "diff": "3.2.0",
        "escape-string-regexp": "1.0.5",
        "glob": "7.1.1",
        "growl": "1.9.2",
        "he": "1.1.1",
        "json3": "3.3.2",
        "lodash.create": "3.1.1",
        "mkdirp": "0.5.1",
        "supports-color": "3.1.2"
      },
      "dependencies": {
        "debug": {
          "version": "2.6.8",
          "resolved": "http://repository.vnerd.com/artifactory/api/npm/npm-pluralsight/debug/-/debug-2.6.8.tgz?dl=https://registry.npmjs.org/debug/-/debug-2.6.8.tgz",
          "integrity": "sha1-5zFTHKLt4n0YgiJCfaF4IdaP9Pw=",
          "requires": {
            "ms": "2.0.0"
          }
        }
      }
    },
    "ms": {
      "version": "2.0.0",
      "resolved": "http://repository.vnerd.com/artifactory/api/npm/npm-pluralsight/ms/-/ms-2.0.0.tgz?dl=https://registry.npmjs.org/ms/-/ms-2.0.0.tgz",
      "integrity": "sha1-VgiurfwAvmwpAd9fmGF4jeDVl8g="
    },
    "negotiator": {
      "version": "0.6.1",
      "resolved": "http://repository.vnerd.com/artifactory/api/npm/npm-pluralsight/negotiator/-/negotiator-0.6.1.tgz?dl=https://registry.npmjs.org/negotiator/-/negotiator-0.6.1.tgz",
      "integrity": "sha1-KzJxhOiZIQEXeyhWP7XnECrNDKk="
    },
    "on-finished": {
      "version": "2.3.0",
      "resolved": "http://repository.vnerd.com/artifactory/api/npm/npm-pluralsight/on-finished/-/on-finished-2.3.0.tgz?dl=https://registry.npmjs.org/on-finished/-/on-finished-2.3.0.tgz",
      "integrity": "sha1-IPEzZIGwg811M3mSoWlxqi2QaUc=",
      "requires": {
        "ee-first": "1.1.1"
      }
    },
    "once": {
      "version": "1.4.0",
      "resolved": "http://repository.vnerd.com/artifactory/api/npm/npm-pluralsight/once/-/once-1.4.0.tgz?dl=https://registry.npmjs.org/once/-/once-1.4.0.tgz",
      "integrity": "sha1-WDsap3WWHUsROsF9nFC6753Xa9E=",
      "requires": {
        "wrappy": "1.0.2"
      }
    },
    "parseurl": {
      "version": "1.3.2",
      "resolved": "http://repository.vnerd.com/artifactory/api/npm/npm-pluralsight/parseurl/-/parseurl-1.3.2.tgz?dl=https://registry.npmjs.org/parseurl/-/parseurl-1.3.2.tgz",
      "integrity": "sha1-/CidTtiZMRlGDBViUyYs3I3mW/M="
    },
    "path-is-absolute": {
      "version": "1.0.1",
      "resolved": "http://repository.vnerd.com/artifactory/api/npm/npm-pluralsight/path-is-absolute/-/path-is-absolute-1.0.1.tgz?dl=https://registry.npmjs.org/path-is-absolute/-/path-is-absolute-1.0.1.tgz",
      "integrity": "sha1-F0uSaHNVNP+8es5r9TpanhtcX18="
    },
    "path-to-regexp": {
      "version": "0.1.7",
      "resolved": "http://repository.vnerd.com/artifactory/api/npm/npm-pluralsight/path-to-regexp/-/path-to-regexp-0.1.7.tgz?dl=https://registry.npmjs.org/path-to-regexp/-/path-to-regexp-0.1.7.tgz",
      "integrity": "sha1-32BBeABfUi8V60SQ5yR6G/qmf4w="
    },
    "proxy-addr": {
      "version": "2.0.3",
      "resolved": "http://repository.vnerd.com/artifactory/api/npm/npm-pluralsight/proxy-addr/-/proxy-addr-2.0.3.tgz?dl=https://registry.npmjs.org/proxy-addr/-/proxy-addr-2.0.3.tgz",
      "integrity": "sha1-NV8mJQWmIWRrMTCnKOtkfiIFU0E=",
      "requires": {
        "forwarded": "0.1.2",
        "ipaddr.js": "1.6.0"
      }
    },
    "qs": {
      "version": "6.5.1",
      "resolved": "http://repository.vnerd.com/artifactory/api/npm/npm-pluralsight/qs/-/qs-6.5.1.tgz?dl=https://registry.npmjs.org/qs/-/qs-6.5.1.tgz",
      "integrity": "sha1-NJzfbu+J7EXBLX1es/wMhwNDptg="
    },
    "range-parser": {
      "version": "1.2.0",
      "resolved": "http://repository.vnerd.com/artifactory/api/npm/npm-pluralsight/range-parser/-/range-parser-1.2.0.tgz?dl=https://registry.npmjs.org/range-parser/-/range-parser-1.2.0.tgz",
      "integrity": "sha1-9JvmtIeJTdxA3MlKMi9hEJLgDV4="
    },
    "raw-body": {
      "version": "2.3.2",
      "resolved": "http://repository.vnerd.com/artifactory/api/npm/npm-pluralsight/raw-body/-/raw-body-2.3.2.tgz?dl=https://registry.npmjs.org/raw-body/-/raw-body-2.3.2.tgz",
      "integrity": "sha1-vNYMd9Prk83gBQKVw/N5OJvIj4k=",
      "requires": {
        "bytes": "3.0.0",
        "http-errors": "1.6.2",
        "iconv-lite": "0.4.19",
        "unpipe": "1.0.0"
      }
    },
    "safe-buffer": {
      "version": "5.1.1",
      "resolved": "http://repository.vnerd.com/artifactory/api/npm/npm-pluralsight/safe-buffer/-/safe-buffer-5.1.1.tgz?dl=https://registry.npmjs.org/safe-buffer/-/safe-buffer-5.1.1.tgz",
      "integrity": "sha1-iTMSr2myEj3vcfV4iQAWce6yyFM="
    },
    "send": {
      "version": "0.16.2",
      "resolved": "http://repository.vnerd.com/artifactory/api/npm/npm-pluralsight/send/-/send-0.16.2.tgz?dl=https://registry.npmjs.org/send/-/send-0.16.2.tgz",
      "integrity": "sha1-bsyh4PjBVtFBWXVZhI32RzCmu8E=",
      "requires": {
        "debug": "2.6.9",
        "depd": "1.1.2",
        "destroy": "1.0.4",
        "encodeurl": "1.0.2",
        "escape-html": "1.0.3",
        "etag": "1.8.1",
        "fresh": "0.5.2",
        "http-errors": "1.6.2",
        "mime": "1.4.1",
        "ms": "2.0.0",
        "on-finished": "2.3.0",
        "range-parser": "1.2.0",
        "statuses": "1.4.0"
      }
    },
    "serve-static": {
      "version": "1.13.2",
      "resolved": "http://repository.vnerd.com/artifactory/api/npm/npm-pluralsight/serve-static/-/serve-static-1.13.2.tgz?dl=https://registry.npmjs.org/serve-static/-/serve-static-1.13.2.tgz",
      "integrity": "sha1-CV6Ecv1bRiN9tQzkhqQ/S4bGzsE=",
      "requires": {
        "encodeurl": "1.0.2",
        "escape-html": "1.0.3",
        "parseurl": "1.3.2",
        "send": "0.16.2"
      }
    },
    "setprototypeof": {
      "version": "1.1.0",
      "resolved": "http://repository.vnerd.com/artifactory/api/npm/npm-pluralsight/setprototypeof/-/setprototypeof-1.1.0.tgz?dl=https://registry.npmjs.org/setprototypeof/-/setprototypeof-1.1.0.tgz",
      "integrity": "sha1-0L2FU2iHtv58DYGMuWLZ2RxU5lY="
    },
    "statuses": {
      "version": "1.4.0",
      "resolved": "http://repository.vnerd.com/artifactory/api/npm/npm-pluralsight/statuses/-/statuses-1.4.0.tgz?dl=https://registry.npmjs.org/statuses/-/statuses-1.4.0.tgz",
      "integrity": "sha1-u3PURtonlhBu/MG2AaJT1sRr0Ic="
    },
    "supports-color": {
      "version": "3.1.2",
      "resolved": "http://repository.vnerd.com/artifactory/api/npm/npm-pluralsight/supports-color/-/supports-color-3.1.2.tgz?dl=https://registry.npmjs.org/supports-color/-/supports-color-3.1.2.tgz",
      "integrity": "sha1-cqJiiU2dQIuVbKBf83su2KbiotU=",
      "requires": {
        "has-flag": "1.0.0"
      }
    },
    "type-is": {
      "version": "1.6.16",
      "resolved": "http://repository.vnerd.com/artifactory/api/npm/npm-pluralsight/type-is/-/type-is-1.6.16.tgz?dl=https://registry.npmjs.org/type-is/-/type-is-1.6.16.tgz",
      "integrity": "sha1-+JzjQVQcZysl7nrjxz3uOyvlAZQ=",
      "requires": {
        "media-typer": "0.3.0",
        "mime-types": "2.1.18"
      }
    },
    "unpipe": {
      "version": "1.0.0",
      "resolved": "http://repository.vnerd.com/artifactory/api/npm/npm-pluralsight/unpipe/-/unpipe-1.0.0.tgz?dl=https://registry.npmjs.org/unpipe/-/unpipe-1.0.0.tgz",
      "integrity": "sha1-sr9O6FFKrmFltIF4KdIbLvSZBOw="
    },
    "utils-merge": {
      "version": "1.0.1",
      "resolved": "http://repository.vnerd.com/artifactory/api/npm/npm-pluralsight/utils-merge/-/utils-merge-1.0.1.tgz?dl=https://registry.npmjs.org/utils-merge/-/utils-merge-1.0.1.tgz",
      "integrity": "sha1-n5VxD1CiZ5R7LMwSR0HBAoQn5xM="
    },
    "vary": {
      "version": "1.1.2",
      "resolved": "http://repository.vnerd.com/artifactory/api/npm/npm-pluralsight/vary/-/vary-1.1.2.tgz?dl=https://registry.npmjs.org/vary/-/vary-1.1.2.tgz",
      "integrity": "sha1-IpnwLG3tMNSllhsLn3RSShj2NPw="
    },
    "wrappy": {
      "version": "1.0.2",
      "resolved": "http://repository.vnerd.com/artifactory/api/npm/npm-pluralsight/wrappy/-/wrappy-1.0.2.tgz?dl=https://registry.npmjs.org/wrappy/-/wrappy-1.0.2.tgz",
      "integrity": "sha1-tSQ9jz7BqjXxNkYFvA0QNuMKtp8="
    }
  }
}
